
Microsoft Visual Studio Solution File, Format Version 12.00
# Visual Studio Version 16
VisualStudioVersion = 16.0.31424.327
MinimumVisualStudioVersion = 10.0.40219.1
Project("{9A19103F-16F7-4668-BE54-9A1E7A4F7556}") = "HypeRate.NET", "HypeRate.NET\HypeRate.NET.csproj", "{8F897CD1-DB88-4935-AA70-7A6F686D2333}"
EndProject
Project("{FAE04EC0-301F-11D3-BF4B-00C04F79EFBC}") = "HypeRate.NET.Test", "HypeRate.NET.Test\HypeRate.NET.Test.csproj", "{230C6D35-39CC-467F-909D-760E99252B08}"
EndProject
Global
	GlobalSection(SolutionConfigurationPlatforms) = preSolution
		Debug|Any CPU = Debug|Any CPU
		Release|Any CPU = Release|Any CPU
	EndGlobalSection
	GlobalSection(ProjectConfigurationPlatforms) = postSolution
		{8F897CD1-DB88-4935-AA70-7A6F686D2333}.Debug|Any CPU.ActiveCfg = Debug|Any CPU
		{8F897CD1-DB88-4935-AA70-7A6F686D2333}.Debug|Any CPU.Build.0 = Debug|Any CPU
		{8F897CD1-DB88-4935-AA70-7A6F686D2333}.Release|Any CPU.ActiveCfg = Release|Any CPU
		{8F897CD1-DB88-4935-AA70-7A6F686D2333}.Release|Any CPU.Build.0 = Release|Any CPU
		{230C6D35-39CC-467F-909D-760E99252B08}.Debug|Any CPU.ActiveCfg = Debug|Any CPU
		{230C6D35-39CC-467F-909D-760E99252B08}.Debug|Any CPU.Build.0 = Debug|Any CPU
		{230C6D35-39CC-467F-909D-760E99252B08}.Release|Any CPU.ActiveCfg = Release|Any CPU
		{230C6D35-39CC-467F-909D-760E99252B08}.Release|Any CPU.Build.0 = Release|Any CPU
	EndGlobalSection
	GlobalSection(SolutionProperties) = preSolution
		HideSolutionNode = FALSE
	EndGlobalSection
	GlobalSection(ExtensibilityGlobals) = postSolution
		SolutionGuid = {0CEC1621-ED2D-4C74-8DF8-A3E6D4A56C16}
	EndGlobalSection
EndGlobal
